
Microsoft Visual Studio Solution File, Format Version 12.00
# Visual Studio 15
VisualStudioVersion = 15.0.27703.2042
MinimumVisualStudioVersion = 10.0.40219.1
Project("{FAE04EC0-301F-11D3-BF4B-00C04F79EFBC}") = "PartyInvites", "PartyInvites\PartyInvites.csproj", "{792000CB-7BFB-4B21-ADEE-7C5D3C46F249}"
EndProject
Global
	GlobalSection(SolutionConfigurationPlatforms) = preSolution
		Debug|Any CPU = Debug|Any CPU
		Release|Any CPU = Release|Any CPU
	EndGlobalSection
	GlobalSection(ProjectConfigurationPlatforms) = postSolution
		{792000CB-7BFB-4B21-ADEE-7C5D3C46F249}.Debug|Any CPU.ActiveCfg = Debug|Any CPU
		{792000CB-7BFB-4B21-ADEE-7C5D3C46F249}.Debug|Any CPU.Build.0 = Debug|Any CPU
		{792000CB-7BFB-4B21-ADEE-7C5D3C46F249}.Release|Any CPU.ActiveCfg = Release|Any CPU
		{792000CB-7BFB-4B21-ADEE-7C5D3C46F249}.Release|Any CPU.Build.0 = Release|Any CPU
	EndGlobalSection
	GlobalSection(SolutionProperties) = preSolution
		HideSolutionNode = FALSE
	EndGlobalSection
	GlobalSection(ExtensibilityGlobals) = postSolution
		SolutionGuid = {DC6F91FB-848E-4CAD-8596-0039D833E574}
	EndGlobalSection
EndGlobal
